
Microsoft Visual Studio Solution File, Format Version 12.00
# Visual Studio Version 16
VisualStudioVersion = 16.0.29709.97
MinimumVisualStudioVersion = 10.0.40219.1
Project("{FAE04EC0-301F-11D3-BF4B-00C04F79EFBC}") = "BankProfile", "BankProfile.csproj", "{B67DA3E3-B540-449B-9FB6-1DF266F77D1D}"
EndProject
Global
	GlobalSection(SolutionConfigurationPlatforms) = preSolution
		Debug|Any CPU = Debug|Any CPU
		Release|Any CPU = Release|Any CPU
	EndGlobalSection
	GlobalSection(ProjectConfigurationPlatforms) = postSolution
		{B67DA3E3-B540-449B-9FB6-1DF266F77D1D}.Debug|Any CPU.ActiveCfg = Debug|Any CPU
		{B67DA3E3-B540-449B-9FB6-1DF266F77D1D}.Debug|Any CPU.Build.0 = Debug|Any CPU
		{B67DA3E3-B540-449B-9FB6-1DF266F77D1D}.Release|Any CPU.ActiveCfg = Release|Any CPU
		{B67DA3E3-B540-449B-9FB6-1DF266F77D1D}.Release|Any CPU.Build.0 = Release|Any CPU
	EndGlobalSection
	GlobalSection(SolutionProperties) = preSolution
		HideSolutionNode = FALSE
	EndGlobalSection
	GlobalSection(ExtensibilityGlobals) = postSolution
		SolutionGuid = {58E92BEC-6595-48A4-9FE6-044358E3F625}
	EndGlobalSection
EndGlobal
