
Microsoft Visual Studio Solution File, Format Version 12.00
# Visual Studio Version 16
VisualStudioVersion = 16.0.30204.135
MinimumVisualStudioVersion = 10.0.40219.1
Project("{9A19103F-16F7-4668-BE54-9A1E7A4F7556}") = "WebAPI", "WebAPI.csproj", "{F27F6DB2-BB59-4235-A86B-944703B89B36}"
EndProject
Project("{2150E333-8FDC-42A3-9474-1A3956D46DE8}") = "Solution Items", "Solution Items", "{49A96ED8-59A9-4C3B-BDB2-DD61D41B4BCE}"
	ProjectSection(SolutionItems) = preProject
		.editorconfig = .editorconfig
	EndProjectSection
EndProject
Project("{FAE04EC0-301F-11D3-BF4B-00C04F79EFBC}") = "TestUIController", "..\TestUIController\TestUIController.csproj", "{18CE2559-1E70-47A9-8387-10BA6625C025}"
EndProject
Global
	GlobalSection(SolutionConfigurationPlatforms) = preSolution
		Debug|Any CPU = Debug|Any CPU
		Release|Any CPU = Release|Any CPU
	EndGlobalSection
	GlobalSection(ProjectConfigurationPlatforms) = postSolution
		{F27F6DB2-BB59-4235-A86B-944703B89B36}.Debug|Any CPU.ActiveCfg = Debug|Any CPU
		{F27F6DB2-BB59-4235-A86B-944703B89B36}.Debug|Any CPU.Build.0 = Debug|Any CPU
		{F27F6DB2-BB59-4235-A86B-944703B89B36}.Release|Any CPU.ActiveCfg = Release|Any CPU
		{F27F6DB2-BB59-4235-A86B-944703B89B36}.Release|Any CPU.Build.0 = Release|Any CPU
		{18CE2559-1E70-47A9-8387-10BA6625C025}.Debug|Any CPU.ActiveCfg = Debug|Any CPU
		{18CE2559-1E70-47A9-8387-10BA6625C025}.Debug|Any CPU.Build.0 = Debug|Any CPU
		{18CE2559-1E70-47A9-8387-10BA6625C025}.Release|Any CPU.ActiveCfg = Release|Any CPU
		{18CE2559-1E70-47A9-8387-10BA6625C025}.Release|Any CPU.Build.0 = Release|Any CPU
	EndGlobalSection
	GlobalSection(SolutionProperties) = preSolution
		HideSolutionNode = FALSE
	EndGlobalSection
	GlobalSection(ExtensibilityGlobals) = postSolution
		SolutionGuid = {5B5AFC20-BBC5-458D-BFEA-5857646B8FB0}
	EndGlobalSection
EndGlobal
